
Microsoft Visual Studio Solution File, Format Version 12.00
# Visual Studio Version 17
VisualStudioVersion = 17.14.36414.22 d17.14
MinimumVisualStudioVersion = 10.0.40219.1
Project("{FAE04EC0-301F-11D3-BF4B-00C04F79EFBC}") = "kondisi_pilihan", "kondisi_pilihan\kondisi_pilihan.csproj", "{35CFBBA5-0B72-4E25-8BEA-CC1A46FE334E}"
EndProject
Global
	GlobalSection(SolutionConfigurationPlatforms) = preSolution
		Debug|Any CPU = Debug|Any CPU
		Release|Any CPU = Release|Any CPU
	EndGlobalSection
	GlobalSection(ProjectConfigurationPlatforms) = postSolution
		{35CFBBA5-0B72-4E25-8BEA-CC1A46FE334E}.Debug|Any CPU.ActiveCfg = Debug|Any CPU
		{35CFBBA5-0B72-4E25-8BEA-CC1A46FE334E}.Debug|Any CPU.Build.0 = Debug|Any CPU
		{35CFBBA5-0B72-4E25-8BEA-CC1A46FE334E}.Release|Any CPU.ActiveCfg = Release|Any CPU
		{35CFBBA5-0B72-4E25-8BEA-CC1A46FE334E}.Release|Any CPU.Build.0 = Release|Any CPU
	EndGlobalSection
	GlobalSection(SolutionProperties) = preSolution
		HideSolutionNode = FALSE
	EndGlobalSection
	GlobalSection(ExtensibilityGlobals) = postSolution
		SolutionGuid = {737A3194-4534-4424-A3E2-98A050C4B763}
	EndGlobalSection
EndGlobal
