
Microsoft Visual Studio Solution File, Format Version 12.00
# Visual Studio Version 17
VisualStudioVersion = 17.14.36414.22 d17.14
MinimumVisualStudioVersion = 10.0.40219.1
Project("{FAE04EC0-301F-11D3-BF4B-00C04F79EFBC}") = "program lampu trafic", "program lampu trafic\program lampu trafic.csproj", "{66BB7FE3-7F85-42E4-A713-B7CB3D661909}"
EndProject
Global
	GlobalSection(SolutionConfigurationPlatforms) = preSolution
		Debug|Any CPU = Debug|Any CPU
		Release|Any CPU = Release|Any CPU
	EndGlobalSection
	GlobalSection(ProjectConfigurationPlatforms) = postSolution
		{66BB7FE3-7F85-42E4-A713-B7CB3D661909}.Debug|Any CPU.ActiveCfg = Debug|Any CPU
		{66BB7FE3-7F85-42E4-A713-B7CB3D661909}.Debug|Any CPU.Build.0 = Debug|Any CPU
		{66BB7FE3-7F85-42E4-A713-B7CB3D661909}.Release|Any CPU.ActiveCfg = Release|Any CPU
		{66BB7FE3-7F85-42E4-A713-B7CB3D661909}.Release|Any CPU.Build.0 = Release|Any CPU
	EndGlobalSection
	GlobalSection(SolutionProperties) = preSolution
		HideSolutionNode = FALSE
	EndGlobalSection
	GlobalSection(ExtensibilityGlobals) = postSolution
		SolutionGuid = {3226BDFC-8848-40A3-8B37-D6EA437005D8}
	EndGlobalSection
EndGlobal
