
Microsoft Visual Studio Solution File, Format Version 12.00
# Visual Studio Version 17
VisualStudioVersion = 17.14.36414.22 d17.14
MinimumVisualStudioVersion = 10.0.40219.1
Project("{FAE04EC0-301F-11D3-BF4B-00C04F79EFBC}") = "program penerima suhu", "program penerima suhu\program penerima suhu.csproj", "{D623B0D0-2DCD-46E3-952F-83182697CC41}"
EndProject
Global
	GlobalSection(SolutionConfigurationPlatforms) = preSolution
		Debug|Any CPU = Debug|Any CPU
		Release|Any CPU = Release|Any CPU
	EndGlobalSection
	GlobalSection(ProjectConfigurationPlatforms) = postSolution
		{D623B0D0-2DCD-46E3-952F-83182697CC41}.Debug|Any CPU.ActiveCfg = Debug|Any CPU
		{D623B0D0-2DCD-46E3-952F-83182697CC41}.Debug|Any CPU.Build.0 = Debug|Any CPU
		{D623B0D0-2DCD-46E3-952F-83182697CC41}.Release|Any CPU.ActiveCfg = Release|Any CPU
		{D623B0D0-2DCD-46E3-952F-83182697CC41}.Release|Any CPU.Build.0 = Release|Any CPU
	EndGlobalSection
	GlobalSection(SolutionProperties) = preSolution
		HideSolutionNode = FALSE
	EndGlobalSection
	GlobalSection(ExtensibilityGlobals) = postSolution
		SolutionGuid = {A223297C-3440-447E-8006-95FDBC990891}
	EndGlobalSection
EndGlobal
