
Microsoft Visual Studio Solution File, Format Version 12.00
# Visual Studio Version 17
VisualStudioVersion = 17.14.36414.22 d17.14
MinimumVisualStudioVersion = 10.0.40219.1
Project("{FAE04EC0-301F-11D3-BF4B-00C04F79EFBC}") = "program menu operasi  matematika", "program menu operasi  matematika\program menu operasi  matematika.csproj", "{6E97AADD-4E64-4F1B-B8D7-FF1D1664AB6A}"
EndProject
Global
	GlobalSection(SolutionConfigurationPlatforms) = preSolution
		Debug|Any CPU = Debug|Any CPU
		Release|Any CPU = Release|Any CPU
	EndGlobalSection
	GlobalSection(ProjectConfigurationPlatforms) = postSolution
		{6E97AADD-4E64-4F1B-B8D7-FF1D1664AB6A}.Debug|Any CPU.ActiveCfg = Debug|Any CPU
		{6E97AADD-4E64-4F1B-B8D7-FF1D1664AB6A}.Debug|Any CPU.Build.0 = Debug|Any CPU
		{6E97AADD-4E64-4F1B-B8D7-FF1D1664AB6A}.Release|Any CPU.ActiveCfg = Release|Any CPU
		{6E97AADD-4E64-4F1B-B8D7-FF1D1664AB6A}.Release|Any CPU.Build.0 = Release|Any CPU
	EndGlobalSection
	GlobalSection(SolutionProperties) = preSolution
		HideSolutionNode = FALSE
	EndGlobalSection
	GlobalSection(ExtensibilityGlobals) = postSolution
		SolutionGuid = {E47102E3-5220-4B4C-87BA-5372702865CB}
	EndGlobalSection
EndGlobal
